// !$*UTF8*$!
{
	archiveVersion = 1;
	classes = {
	};
	objectVersion = 56;
	objects = {

/* Begin PBXBuildFile section */
		9BE9714A2CD57F0500F40FC1 /* mth.cpp in Sources */ = {isa = PBXBuildFile; fileRef = 9BE971392CD57F0400F40FC1 /* mth.cpp */; };
		9BE9714B2CD57F0500F40FC1 /* str.cpp in Sources */ = {isa = PBXBuildFile; fileRef = 9BE9713A2CD57F0400F40FC1 /* str.cpp */; };
		9BE9714C2CD57F0500F40FC1 /* trg.cpp in Sources */ = {isa = PBXBuildFile; fileRef = 9BE9713B2CD57F0400F40FC1 /* trg.cpp */; };
		9BE9714D2CD57F0500F40FC1 /* tlbx.hpp in Headers */ = {isa = PBXBuildFile; fileRef = 9BE9713D2CD57F0400F40FC1 /* tlbx.hpp */; };
		9BE9714E2CD57F0500F40FC1 /* cppBridge.h in Headers */ = {isa = PBXBuildFile; fileRef = 9BE9713E2CD57F0500F40FC1 /* cppBridge.h */; };
		9BE9714F2CD57F0500F40FC1 /* ObjC_Interop.h in Headers */ = {isa = PBXBuildFile; fileRef = 9BE9713F2CD57F0500F40FC1 /* ObjC_Interop.h */; };
		9BE971512CD57F0500F40FC1 /* col.hpp in Headers */ = {isa = PBXBuildFile; fileRef = 9BE971442CD57F0500F40FC1 /* col.hpp */; };
		9BE971522CD57F0500F40FC1 /* mth.hpp in Headers */ = {isa = PBXBuildFile; fileRef = 9BE971452CD57F0500F40FC1 /* mth.hpp */; };
		9BE971532CD57F0500F40FC1 /* str.hpp in Headers */ = {isa = PBXBuildFile; fileRef = 9BE971462CD57F0500F40FC1 /* str.hpp */; };
		9BE971542CD57F0500F40FC1 /* trg.hpp in Headers */ = {isa = PBXBuildFile; fileRef = 9BE971472CD57F0500F40FC1 /* trg.hpp */; };
		9BE971622CD57F5500F40FC1 /* col.cpp in Sources */ = {isa = PBXBuildFile; fileRef = 9BE971382CD57F0400F40FC1 /* col.cpp */; };
		9BE971632CD57F5500F40FC1 /* mth.cpp in Sources */ = {isa = PBXBuildFile; fileRef = 9BE971392CD57F0400F40FC1 /* mth.cpp */; };
		9BE971642CD57F5500F40FC1 /* str.cpp in Sources */ = {isa = PBXBuildFile; fileRef = 9BE9713A2CD57F0400F40FC1 /* str.cpp */; };
		9BE971652CD57F5500F40FC1 /* trg.cpp in Sources */ = {isa = PBXBuildFile; fileRef = 9BE9713B2CD57F0400F40FC1 /* trg.cpp */; };
		9BE971662CD57F5500F40FC1 /* ObjC_Interop.mm in Sources */ = {isa = PBXBuildFile; fileRef = 9BE971412CD57F0500F40FC1 /* ObjC_Interop.mm */; };
/* End PBXBuildFile section */

/* Begin PBXCopyFilesBuildPhase section */
		9BE971572CD57F3400F40FC1 /* CopyFiles */ = {
			isa = PBXCopyFilesBuildPhase;
			buildActionMask = 2147483647;
			dstPath = "include/$(PRODUCT_NAME)";
			dstSubfolderSpec = 16;
			files = (
			);
			runOnlyForDeploymentPostprocessing = 0;
		};
/* End PBXCopyFilesBuildPhase section */

/* Begin PBXFileReference section */
		9BE971312CD57ED700F40FC1 /* libtlbx.a */ = {isa = PBXFileReference; explicitFileType = archive.ar; includeInIndex = 0; path = libtlbx.a; sourceTree = BUILT_PRODUCTS_DIR; };
		9BE971382CD57F0400F40FC1 /* col.cpp */ = {isa = PBXFileReference; fileEncoding = 4; lastKnownFileType = sourcecode.cpp.cpp; path = col.cpp; sourceTree = "<group>"; };
		9BE971392CD57F0400F40FC1 /* mth.cpp */ = {isa = PBXFileReference; fileEncoding = 4; lastKnownFileType = sourcecode.cpp.cpp; path = mth.cpp; sourceTree = "<group>"; };
		9BE9713A2CD57F0400F40FC1 /* str.cpp */ = {isa = PBXFileReference; fileEncoding = 4; lastKnownFileType = sourcecode.cpp.cpp; path = str.cpp; sourceTree = "<group>"; };
		9BE9713B2CD57F0400F40FC1 /* trg.cpp */ = {isa = PBXFileReference; fileEncoding = 4; lastKnownFileType = sourcecode.cpp.cpp; path = trg.cpp; sourceTree = "<group>"; };
		9BE9713D2CD57F0400F40FC1 /* tlbx.hpp */ = {isa = PBXFileReference; fileEncoding = 4; lastKnownFileType = sourcecode.cpp.h; path = tlbx.hpp; sourceTree = "<group>"; };
		9BE9713E2CD57F0500F40FC1 /* cppBridge.h */ = {isa = PBXFileReference; fileEncoding = 4; lastKnownFileType = sourcecode.c.h; path = cppBridge.h; sourceTree = "<group>"; };
		9BE9713F2CD57F0500F40FC1 /* ObjC_Interop.h */ = {isa = PBXFileReference; fileEncoding = 4; lastKnownFileType = sourcecode.c.h; path = ObjC_Interop.h; sourceTree = "<group>"; };
		9BE971412CD57F0500F40FC1 /* ObjC_Interop.mm */ = {isa = PBXFileReference; fileEncoding = 4; lastKnownFileType = sourcecode.cpp.objcpp; path = ObjC_Interop.mm; sourceTree = "<group>"; };
		9BE971442CD57F0500F40FC1 /* col.hpp */ = {isa = PBXFileReference; fileEncoding = 4; lastKnownFileType = sourcecode.cpp.h; path = col.hpp; sourceTree = "<group>"; };
		9BE971452CD57F0500F40FC1 /* mth.hpp */ = {isa = PBXFileReference; fileEncoding = 4; lastKnownFileType = sourcecode.cpp.h; path = mth.hpp; sourceTree = "<group>"; };
		9BE971462CD57F0500F40FC1 /* str.hpp */ = {isa = PBXFileReference; fileEncoding = 4; lastKnownFileType = sourcecode.cpp.h; path = str.hpp; sourceTree = "<group>"; };
		9BE971472CD57F0500F40FC1 /* trg.hpp */ = {isa = PBXFileReference; fileEncoding = 4; lastKnownFileType = sourcecode.cpp.h; path = trg.hpp; sourceTree = "<group>"; };
		9BE971592CD57F3400F40FC1 /* libtlbx_iOS.a */ = {isa = PBXFileReference; explicitFileType = archive.ar; includeInIndex = 0; path = libtlbx_iOS.a; sourceTree = BUILT_PRODUCTS_DIR; };
/* End PBXFileReference section */

/* Begin PBXFrameworksBuildPhase section */
		9BE9712F2CD57ED700F40FC1 /* Frameworks */ = {
			isa = PBXFrameworksBuildPhase;
			buildActionMask = 2147483647;
			files = (
			);
			runOnlyForDeploymentPostprocessing = 0;
		};
		9BE971562CD57F3400F40FC1 /* Frameworks */ = {
			isa = PBXFrameworksBuildPhase;
			buildActionMask = 2147483647;
			files = (
			);
			runOnlyForDeploymentPostprocessing = 0;
		};
/* End PBXFrameworksBuildPhase section */

/* Begin PBXGroup section */
		9BE971282CD57ED700F40FC1 = {
			isa = PBXGroup;
			children = (
				9BE971482CD57F0500F40FC1 /* headers */,
				9BE9713C2CD57F0400F40FC1 /* sources */,
				9BE971432CD57F0500F40FC1 /* iOS_bridge */,
				9BE9713D2CD57F0400F40FC1 /* tlbx.hpp */,
				9BE971322CD57ED700F40FC1 /* Products */,
			);
			sourceTree = "<group>";
		};
		9BE971322CD57ED700F40FC1 /* Products */ = {
			isa = PBXGroup;
			children = (
				9BE971312CD57ED700F40FC1 /* libtlbx.a */,
				9BE971592CD57F3400F40FC1 /* libtlbx_iOS.a */,
			);
			name = Products;
			sourceTree = "<group>";
		};
		9BE9713C2CD57F0400F40FC1 /* sources */ = {
			isa = PBXGroup;
			children = (
				9BE971382CD57F0400F40FC1 /* col.cpp */,
				9BE971392CD57F0400F40FC1 /* mth.cpp */,
				9BE9713A2CD57F0400F40FC1 /* str.cpp */,
				9BE9713B2CD57F0400F40FC1 /* trg.cpp */,
			);
			path = sources;
			sourceTree = "<group>";
		};
		9BE971402CD57F0500F40FC1 /* headers */ = {
			isa = PBXGroup;
			children = (
				9BE9713E2CD57F0500F40FC1 /* cppBridge.h */,
				9BE9713F2CD57F0500F40FC1 /* ObjC_Interop.h */,
			);
			path = headers;
			sourceTree = "<group>";
		};
		9BE971422CD57F0500F40FC1 /* sources */ = {
			isa = PBXGroup;
			children = (
				9BE971412CD57F0500F40FC1 /* ObjC_Interop.mm */,
			);
			path = sources;
			sourceTree = "<group>";
		};
		9BE971432CD57F0500F40FC1 /* iOS_bridge */ = {
			isa = PBXGroup;
			children = (
				9BE971402CD57F0500F40FC1 /* headers */,
				9BE971422CD57F0500F40FC1 /* sources */,
			);
			path = iOS_bridge;
			sourceTree = "<group>";
		};
		9BE971482CD57F0500F40FC1 /* headers */ = {
			isa = PBXGroup;
			children = (
				9BE971442CD57F0500F40FC1 /* col.hpp */,
				9BE971452CD57F0500F40FC1 /* mth.hpp */,
				9BE971462CD57F0500F40FC1 /* str.hpp */,
				9BE971472CD57F0500F40FC1 /* trg.hpp */,
			);
			path = headers;
			sourceTree = "<group>";
		};
/* End PBXGroup section */

/* Begin PBXHeadersBuildPhase section */
		9BE9712D2CD57ED700F40FC1 /* Headers */ = {
			isa = PBXHeadersBuildPhase;
			buildActionMask = 2147483647;
			files = (
				9BE971532CD57F0500F40FC1 /* str.hpp in Headers */,
				9BE971542CD57F0500F40FC1 /* trg.hpp in Headers */,
				9BE9714D2CD57F0500F40FC1 /* tlbx.hpp in Headers */,
				9BE9714E2CD57F0500F40FC1 /* cppBridge.h in Headers */,
				9BE9714F2CD57F0500F40FC1 /* ObjC_Interop.h in Headers */,
				9BE971522CD57F0500F40FC1 /* mth.hpp in Headers */,
				9BE971512CD57F0500F40FC1 /* col.hpp in Headers */,
			);
			runOnlyForDeploymentPostprocessing = 0;
		};
/* End PBXHeadersBuildPhase section */

/* Begin PBXNativeTarget section */
		9BE971302CD57ED700F40FC1 /* tlbx */ = {
			isa = PBXNativeTarget;
			buildConfigurationList = 9BE971352CD57ED700F40FC1 /* Build configuration list for PBXNativeTarget "tlbx" */;
			buildPhases = (
				9BE9712D2CD57ED700F40FC1 /* Headers */,
				9BE9712E2CD57ED700F40FC1 /* Sources */,
				9BE9712F2CD57ED700F40FC1 /* Frameworks */,
			);
			buildRules = (
			);
			dependencies = (
			);
			name = tlbx;
			productName = tlbx;
			productReference = 9BE971312CD57ED700F40FC1 /* libtlbx.a */;
			productType = "com.apple.product-type.library.static";
		};
		9BE971582CD57F3400F40FC1 /* tlbx_iOS */ = {
			isa = PBXNativeTarget;
			buildConfigurationList = 9BE9715F2CD57F3400F40FC1 /* Build configuration list for PBXNativeTarget "tlbx_iOS" */;
			buildPhases = (
				9BE971552CD57F3400F40FC1 /* Sources */,
				9BE971562CD57F3400F40FC1 /* Frameworks */,
				9BE971572CD57F3400F40FC1 /* CopyFiles */,
			);
			buildRules = (
			);
			dependencies = (
			);
			name = tlbx_iOS;
			productName = tlbx_iOS;
			productReference = 9BE971592CD57F3400F40FC1 /* libtlbx_iOS.a */;
			productType = "com.apple.product-type.library.static";
		};
/* End PBXNativeTarget section */

/* Begin PBXProject section */
		9BE971292CD57ED700F40FC1 /* Project object */ = {
			isa = PBXProject;
			attributes = {
				BuildIndependentTargetsInParallel = 1;
				LastUpgradeCheck = 1540;
				TargetAttributes = {
					9BE971302CD57ED700F40FC1 = {
						CreatedOnToolsVersion = 15.4;
					};
					9BE971582CD57F3400F40FC1 = {
						CreatedOnToolsVersion = 15.4;
					};
				};
			};
			buildConfigurationList = 9BE9712C2CD57ED700F40FC1 /* Build configuration list for PBXProject "tlbx" */;
			compatibilityVersion = "Xcode 14.0";
			developmentRegion = en;
			hasScannedForEncodings = 0;
			knownRegions = (
				en,
				Base,
			);
			mainGroup = 9BE971282CD57ED700F40FC1;
			productRefGroup = 9BE971322CD57ED700F40FC1 /* Products */;
			projectDirPath = "";
			projectRoot = "";
			targets = (
				9BE971302CD57ED700F40FC1 /* tlbx */,
				9BE971582CD57F3400F40FC1 /* tlbx_iOS */,
			);
		};
/* End PBXProject section */

/* Begin PBXSourcesBuildPhase section */
		9BE9712E2CD57ED700F40FC1 /* Sources */ = {
			isa = PBXSourcesBuildPhase;
			buildActionMask = 2147483647;
			files = (
				9BE9714B2CD57F0500F40FC1 /* str.cpp in Sources */,
				9BE9714C2CD57F0500F40FC1 /* trg.cpp in Sources */,
				9BE9714A2CD57F0500F40FC1 /* mth.cpp in Sources */,
			);
			runOnlyForDeploymentPostprocessing = 0;
		};
		9BE971552CD57F3400F40FC1 /* Sources */ = {
			isa = PBXSourcesBuildPhase;
			buildActionMask = 2147483647;
			files = (
				9BE971622CD57F5500F40FC1 /* col.cpp in Sources */,
				9BE971632CD57F5500F40FC1 /* mth.cpp in Sources */,
				9BE971642CD57F5500F40FC1 /* str.cpp in Sources */,
				9BE971652CD57F5500F40FC1 /* trg.cpp in Sources */,
				9BE971662CD57F5500F40FC1 /* ObjC_Interop.mm in Sources */,
			);
			runOnlyForDeploymentPostprocessing = 0;
		};
/* End PBXSourcesBuildPhase section */

/* Begin XCBuildConfiguration section */
		9BE971332CD57ED700F40FC1 /* Debug */ = {
			isa = XCBuildConfiguration;
			buildSettings = {
				ALWAYS_SEARCH_USER_PATHS = NO;
				ASSETCATALOG_COMPILER_GENERATE_SWIFT_ASSET_SYMBOL_EXTENSIONS = YES;
				CLANG_ANALYZER_NONNULL = YES;
				CLANG_ANALYZER_NUMBER_OBJECT_CONVERSION = YES_AGGRESSIVE;
				CLANG_CXX_LANGUAGE_STANDARD = "gnu++20";
				CLANG_ENABLE_MODULES = YES;
				CLANG_ENABLE_OBJC_ARC = YES;
				CLANG_ENABLE_OBJC_WEAK = YES;
				CLANG_WARN_BLOCK_CAPTURE_AUTORELEASING = YES;
				CLANG_WARN_BOOL_CONVERSION = YES;
				CLANG_WARN_COMMA = YES;
				CLANG_WARN_CONSTANT_CONVERSION = YES;
				CLANG_WARN_DEPRECATED_OBJC_IMPLEMENTATIONS = YES;
				CLANG_WARN_DIRECT_OBJC_ISA_USAGE = YES_ERROR;
				CLANG_WARN_DOCUMENTATION_COMMENTS = YES;
				CLANG_WARN_EMPTY_BODY = YES;
				CLANG_WARN_ENUM_CONVERSION = YES;
				CLANG_WARN_INFINITE_RECURSION = YES;
				CLANG_WARN_INT_CONVERSION = YES;
				CLANG_WARN_NON_LITERAL_NULL_CONVERSION = YES;
				CLANG_WARN_OBJC_IMPLICIT_RETAIN_SELF = YES;
				CLANG_WARN_OBJC_LITERAL_CONVERSION = YES;
				CLANG_WARN_OBJC_ROOT_CLASS = YES_ERROR;
				CLANG_WARN_QUOTED_INCLUDE_IN_FRAMEWORK_HEADER = YES;
				CLANG_WARN_RANGE_LOOP_ANALYSIS = YES;
				CLANG_WARN_STRICT_PROTOTYPES = YES;
				CLANG_WARN_SUSPICIOUS_MOVE = YES;
				CLANG_WARN_UNGUARDED_AVAILABILITY = YES_AGGRESSIVE;
				CLANG_WARN_UNREACHABLE_CODE = YES;
				CLANG_WARN__DUPLICATE_METHOD_MATCH = YES;
				COPY_PHASE_STRIP = NO;
				DEBUG_INFORMATION_FORMAT = dwarf;
				ENABLE_STRICT_OBJC_MSGSEND = YES;
				ENABLE_TESTABILITY = YES;
				ENABLE_USER_SCRIPT_SANDBOXING = YES;
				GCC_C_LANGUAGE_STANDARD = gnu17;
				GCC_DYNAMIC_NO_PIC = NO;
				GCC_NO_COMMON_BLOCKS = YES;
				GCC_OPTIMIZATION_LEVEL = 0;
				GCC_PREPROCESSOR_DEFINITIONS = "TARGET_IOS=1";
				GCC_WARN_64_TO_32_BIT_CONVERSION = YES;
				GCC_WARN_ABOUT_RETURN_TYPE = YES_ERROR;
				GCC_WARN_UNDECLARED_SELECTOR = YES;
				GCC_WARN_UNINITIALIZED_AUTOS = YES_AGGRESSIVE;
				GCC_WARN_UNUSED_FUNCTION = YES;
				GCC_WARN_UNUSED_VARIABLE = YES;
				LOCALIZATION_PREFERS_STRING_CATALOGS = YES;
				MACOSX_DEPLOYMENT_TARGET = 14.5;
				MTL_ENABLE_DEBUG_INFO = INCLUDE_SOURCE;
				MTL_FAST_MATH = YES;
				ONLY_ACTIVE_ARCH = YES;
				SDKROOT = macosx;
			};
			name = Debug;
		};
		9BE971342CD57ED700F40FC1 /* Release */ = {
			isa = XCBuildConfiguration;
			buildSettings = {
				ALWAYS_SEARCH_USER_PATHS = NO;
				ASSETCATALOG_COMPILER_GENERATE_SWIFT_ASSET_SYMBOL_EXTENSIONS = YES;
				CLANG_ANALYZER_NONNULL = YES;
				CLANG_ANALYZER_NUMBER_OBJECT_CONVERSION = YES_AGGRESSIVE;
				CLANG_CXX_LANGUAGE_STANDARD = "gnu++20";
				CLANG_ENABLE_MODULES = YES;
				CLANG_ENABLE_OBJC_ARC = YES;
				CLANG_ENABLE_OBJC_WEAK = YES;
				CLANG_WARN_BLOCK_CAPTURE_AUTORELEASING = YES;
				CLANG_WARN_BOOL_CONVERSION = YES;
				CLANG_WARN_COMMA = YES;
				CLANG_WARN_CONSTANT_CONVERSION = YES;
				CLANG_WARN_DEPRECATED_OBJC_IMPLEMENTATIONS = YES;
				CLANG_WARN_DIRECT_OBJC_ISA_USAGE = YES_ERROR;
				CLANG_WARN_DOCUMENTATION_COMMENTS = YES;
				CLANG_WARN_EMPTY_BODY = YES;
				CLANG_WARN_ENUM_CONVERSION = YES;
				CLANG_WARN_INFINITE_RECURSION = YES;
				CLANG_WARN_INT_CONVERSION = YES;
				CLANG_WARN_NON_LITERAL_NULL_CONVERSION = YES;
				CLANG_WARN_OBJC_IMPLICIT_RETAIN_SELF = YES;
				CLANG_WARN_OBJC_LITERAL_CONVERSION = YES;
				CLANG_WARN_OBJC_ROOT_CLASS = YES_ERROR;
				CLANG_WARN_QUOTED_INCLUDE_IN_FRAMEWORK_HEADER = YES;
				CLANG_WARN_RANGE_LOOP_ANALYSIS = YES;
				CLANG_WARN_STRICT_PROTOTYPES = YES;
				CLANG_WARN_SUSPICIOUS_MOVE = YES;
				CLANG_WARN_UNGUARDED_AVAILABILITY = YES_AGGRESSIVE;
				CLANG_WARN_UNREACHABLE_CODE = YES;
				CLANG_WARN__DUPLICATE_METHOD_MATCH = YES;
				COPY_PHASE_STRIP = NO;
				DEBUG_INFORMATION_FORMAT = "dwarf-with-dsym";
				ENABLE_NS_ASSERTIONS = NO;
				ENABLE_STRICT_OBJC_MSGSEND = YES;
				ENABLE_USER_SCRIPT_SANDBOXING = YES;
				GCC_C_LANGUAGE_STANDARD = gnu17;
				GCC_NO_COMMON_BLOCKS = YES;
				GCC_PREPROCESSOR_DEFINITIONS = "TARGET_IOS=1";
				GCC_WARN_64_TO_32_BIT_CONVERSION = YES;
				GCC_WARN_ABOUT_RETURN_TYPE = YES_ERROR;
				GCC_WARN_UNDECLARED_SELECTOR = YES;
				GCC_WARN_UNINITIALIZED_AUTOS = YES_AGGRESSIVE;
				GCC_WARN_UNUSED_FUNCTION = YES;
				GCC_WARN_UNUSED_VARIABLE = YES;
				LOCALIZATION_PREFERS_STRING_CATALOGS = YES;
				MACOSX_DEPLOYMENT_TARGET = 14.5;
				MTL_ENABLE_DEBUG_INFO = NO;
				MTL_FAST_MATH = YES;
				SDKROOT = macosx;
			};
			name = Release;
		};
		9BE971362CD57ED700F40FC1 /* Debug */ = {
			isa = XCBuildConfiguration;
			buildSettings = {
				CODE_SIGN_STYLE = Automatic;
				DEVELOPMENT_TEAM = H5B4FJ76P7;
				EXECUTABLE_PREFIX = lib;
				PRODUCT_NAME = "$(TARGET_NAME)";
				SKIP_INSTALL = YES;
			};
			name = Debug;
		};
		9BE971372CD57ED700F40FC1 /* Release */ = {
			isa = XCBuildConfiguration;
			buildSettings = {
				CODE_SIGN_STYLE = Automatic;
				DEVELOPMENT_TEAM = H5B4FJ76P7;
				EXECUTABLE_PREFIX = lib;
				PRODUCT_NAME = "$(TARGET_NAME)";
				SKIP_INSTALL = YES;
			};
			name = Release;
		};
		9BE971602CD57F3400F40FC1 /* Debug */ = {
			isa = XCBuildConfiguration;
			buildSettings = {
				CODE_SIGN_STYLE = Automatic;
				DEVELOPMENT_TEAM = H5B4FJ76P7;
				IPHONEOS_DEPLOYMENT_TARGET = 17.5;
				OTHER_LDFLAGS = "-ObjC";
				PRODUCT_NAME = "$(TARGET_NAME)";
				SDKROOT = iphoneos;
				SKIP_INSTALL = YES;
				TARGETED_DEVICE_FAMILY = "1,2";
			};
			name = Debug;
		};
		9BE971612CD57F3400F40FC1 /* Release */ = {
			isa = XCBuildConfiguration;
			buildSettings = {
				CODE_SIGN_STYLE = Automatic;
				DEVELOPMENT_TEAM = H5B4FJ76P7;
				IPHONEOS_DEPLOYMENT_TARGET = 17.5;
				OTHER_LDFLAGS = "-ObjC";
				PRODUCT_NAME = "$(TARGET_NAME)";
				SDKROOT = iphoneos;
				SKIP_INSTALL = YES;
				TARGETED_DEVICE_FAMILY = "1,2";
				VALIDATE_PRODUCT = YES;
			};
			name = Release;
		};
/* End XCBuildConfiguration section */

/* Begin XCConfigurationList section */
		9BE9712C2CD57ED700F40FC1 /* Build configuration list for PBXProject "tlbx" */ = {
			isa = XCConfigurationList;
			buildConfigurations = (
				9BE971332CD57ED700F40FC1 /* Debug */,
				9BE971342CD57ED700F40FC1 /* Release */,
			);
			defaultConfigurationIsVisible = 0;
			defaultConfigurationName = Release;
		};
		9BE971352CD57ED700F40FC1 /* Build configuration list for PBXNativeTarget "tlbx" */ = {
			isa = XCConfigurationList;
			buildConfigurations = (
				9BE971362CD57ED700F40FC1 /* Debug */,
				9BE971372CD57ED700F40FC1 /* Release */,
			);
			defaultConfigurationIsVisible = 0;
			defaultConfigurationName = Release;
		};
		9BE9715F2CD57F3400F40FC1 /* Build configuration list for PBXNativeTarget "tlbx_iOS" */ = {
			isa = XCConfigurationList;
			buildConfigurations = (
				9BE971602CD57F3400F40FC1 /* Debug */,
				9BE971612CD57F3400F40FC1 /* Release */,
			);
			defaultConfigurationIsVisible = 0;
			defaultConfigurationName = Release;
		};
/* End XCConfigurationList section */
	};
	rootObject = 9BE971292CD57ED700F40FC1 /* Project object */;
}
