// !$*UTF8*$!
{
	archiveVersion = 1;
	classes = {
	};
	objectVersion = 55;
	objects = {

/* Begin PBXBuildFile section */
		9B88E9C72CC5C7FD003B1AB3 /* tlbx.hpp in Sources */ = {isa = PBXBuildFile; fileRef = 9B88E9BA2CC5C38E003B1AB3 /* tlbx.hpp */; };
		9B88E9C92CC5C7FD003B1AB3 /* mth.hpp in Sources */ = {isa = PBXBuildFile; fileRef = 9B88E9B62CC5C38E003B1AB3 /* mth.hpp */; };
		9B88E9CA2CC5C7FD003B1AB3 /* str.hpp in Sources */ = {isa = PBXBuildFile; fileRef = 9B88E9B72CC5C38E003B1AB3 /* str.hpp */; };
		9B88E9CB2CC5C7FD003B1AB3 /* trg.hpp in Sources */ = {isa = PBXBuildFile; fileRef = 9B88E9B82CC5C38E003B1AB3 /* trg.hpp */; };
		9B88E9CC2CC5C7FD003B1AB3 /* mth.cpp in Sources */ = {isa = PBXBuildFile; fileRef = 9B88E9BB2CC5C3C4003B1AB3 /* mth.cpp */; };
		9B88E9CD2CC5C7FD003B1AB3 /* str.cpp in Sources */ = {isa = PBXBuildFile; fileRef = 9B88E9BC2CC5C3C4003B1AB3 /* str.cpp */; };
		9B88E9CE2CC5C7FD003B1AB3 /* trg.cpp in Sources */ = {isa = PBXBuildFile; fileRef = 9B88E9BE2CC5C3C4003B1AB3 /* trg.cpp */; };
		9BC8CC2B2996CD22009FD4A5 /* UIKit.framework in Frameworks */ = {isa = PBXBuildFile; fileRef = 9BC8CC2A2996CD22009FD4A5 /* UIKit.framework */; };
		9BC8CC2C2996CD2D009FD4A5 /* CoreGraphics.framework in Frameworks */ = {isa = PBXBuildFile; fileRef = 9BC8CBF62996C414009FD4A5 /* CoreGraphics.framework */; };
/* End PBXBuildFile section */

/* Begin PBXCopyFilesBuildPhase section */
		9BC8CC1A2996C7AB009FD4A5 /* CopyFiles */ = {
			isa = PBXCopyFilesBuildPhase;
			buildActionMask = 2147483647;
			dstPath = "include/$(PRODUCT_NAME)";
			dstSubfolderSpec = 16;
			files = (
			);
			runOnlyForDeploymentPostprocessing = 0;
		};
/* End PBXCopyFilesBuildPhase section */

/* Begin PBXFileReference section */
		9B88E9B62CC5C38E003B1AB3 /* mth.hpp */ = {isa = PBXFileReference; fileEncoding = 4; lastKnownFileType = sourcecode.cpp.h; path = mth.hpp; sourceTree = "<group>"; };
		9B88E9B72CC5C38E003B1AB3 /* str.hpp */ = {isa = PBXFileReference; fileEncoding = 4; lastKnownFileType = sourcecode.cpp.h; path = str.hpp; sourceTree = "<group>"; };
		9B88E9B82CC5C38E003B1AB3 /* trg.hpp */ = {isa = PBXFileReference; fileEncoding = 4; lastKnownFileType = sourcecode.cpp.h; path = trg.hpp; sourceTree = "<group>"; };
		9B88E9BA2CC5C38E003B1AB3 /* tlbx.hpp */ = {isa = PBXFileReference; fileEncoding = 4; lastKnownFileType = sourcecode.cpp.h; name = tlbx.hpp; path = tlbx/tlbx.hpp; sourceTree = "<group>"; };
		9B88E9BB2CC5C3C4003B1AB3 /* mth.cpp */ = {isa = PBXFileReference; fileEncoding = 4; lastKnownFileType = sourcecode.cpp.cpp; path = mth.cpp; sourceTree = "<group>"; };
		9B88E9BC2CC5C3C4003B1AB3 /* str.cpp */ = {isa = PBXFileReference; fileEncoding = 4; lastKnownFileType = sourcecode.cpp.cpp; path = str.cpp; sourceTree = "<group>"; };
		9B88E9BE2CC5C3C4003B1AB3 /* trg.cpp */ = {isa = PBXFileReference; fileEncoding = 4; lastKnownFileType = sourcecode.cpp.cpp; path = trg.cpp; sourceTree = "<group>"; };
		9BC8CBF62996C414009FD4A5 /* CoreGraphics.framework */ = {isa = PBXFileReference; lastKnownFileType = wrapper.framework; name = CoreGraphics.framework; path = System/Library/Frameworks/CoreGraphics.framework; sourceTree = SDKROOT; };
		9BC8CC1C2996C7AB009FD4A5 /* libtlbx_iOS_lib.a */ = {isa = PBXFileReference; explicitFileType = archive.ar; includeInIndex = 0; path = libtlbx_iOS_lib.a; sourceTree = BUILT_PRODUCTS_DIR; };
		9BC8CC2A2996CD22009FD4A5 /* UIKit.framework */ = {isa = PBXFileReference; lastKnownFileType = wrapper.framework; name = UIKit.framework; path = System/iOSSupport/System/Library/Frameworks/UIKit.framework; sourceTree = SDKROOT; };
		9BC8CC332996F04B009FD4A5 /* libtlbx_MacOS_lib.a */ = {isa = PBXFileReference; explicitFileType = archive.ar; includeInIndex = 0; path = libtlbx_MacOS_lib.a; sourceTree = BUILT_PRODUCTS_DIR; };
/* End PBXFileReference section */

/* Begin PBXFrameworksBuildPhase section */
		9BC8CC192996C7AB009FD4A5 /* Frameworks */ = {
			isa = PBXFrameworksBuildPhase;
			buildActionMask = 2147483647;
			files = (
				9BC8CC2C2996CD2D009FD4A5 /* CoreGraphics.framework in Frameworks */,
				9BC8CC2B2996CD22009FD4A5 /* UIKit.framework in Frameworks */,
			);
			runOnlyForDeploymentPostprocessing = 0;
		};
		9BC8CC312996F04B009FD4A5 /* Frameworks */ = {
			isa = PBXFrameworksBuildPhase;
			buildActionMask = 2147483647;
			files = (
			);
			runOnlyForDeploymentPostprocessing = 0;
		};
/* End PBXFrameworksBuildPhase section */

/* Begin PBXGroup section */
		9B88E9B42CC5C38E003B1AB3 /* sources */ = {
			isa = PBXGroup;
			children = (
				9B88E9BB2CC5C3C4003B1AB3 /* mth.cpp */,
				9B88E9BC2CC5C3C4003B1AB3 /* str.cpp */,
				9B88E9BE2CC5C3C4003B1AB3 /* trg.cpp */,
			);
			name = sources;
			path = tlbx/sources;
			sourceTree = "<group>";
		};
		9B88E9B92CC5C38E003B1AB3 /* headers */ = {
			isa = PBXGroup;
			children = (
				9B88E9B62CC5C38E003B1AB3 /* mth.hpp */,
				9B88E9B72CC5C38E003B1AB3 /* str.hpp */,
				9B88E9B82CC5C38E003B1AB3 /* trg.hpp */,
			);
			name = headers;
			path = tlbx/headers;
			sourceTree = "<group>";
		};
		9BC8CBCF2996C2D5009FD4A5 = {
			isa = PBXGroup;
			children = (
				9B88E9BA2CC5C38E003B1AB3 /* tlbx.hpp */,
				9B88E9B92CC5C38E003B1AB3 /* headers */,
				9B88E9B42CC5C38E003B1AB3 /* sources */,
				9BC8CBD92996C2D5009FD4A5 /* Products */,
				9BC8CBF52996C414009FD4A5 /* Frameworks */,
			);
			sourceTree = "<group>";
		};
		9BC8CBD92996C2D5009FD4A5 /* Products */ = {
			isa = PBXGroup;
			children = (
				9BC8CC1C2996C7AB009FD4A5 /* libtlbx_iOS_lib.a */,
				9BC8CC332996F04B009FD4A5 /* libtlbx_MacOS_lib.a */,
			);
			name = Products;
			sourceTree = "<group>";
		};
		9BC8CBF52996C414009FD4A5 /* Frameworks */ = {
			isa = PBXGroup;
			children = (
				9BC8CC2A2996CD22009FD4A5 /* UIKit.framework */,
				9BC8CBF62996C414009FD4A5 /* CoreGraphics.framework */,
			);
			name = Frameworks;
			sourceTree = "<group>";
		};
/* End PBXGroup section */

/* Begin PBXHeadersBuildPhase section */
		9BC8CC2F2996F04B009FD4A5 /* Headers */ = {
			isa = PBXHeadersBuildPhase;
			buildActionMask = 2147483647;
			files = (
			);
			runOnlyForDeploymentPostprocessing = 0;
		};
/* End PBXHeadersBuildPhase section */

/* Begin PBXNativeTarget section */
		9BC8CC1B2996C7AB009FD4A5 /* tlbx_iOS_lib */ = {
			isa = PBXNativeTarget;
			buildConfigurationList = 9BC8CC222996C7AB009FD4A5 /* Build configuration list for PBXNativeTarget "tlbx_iOS_lib" */;
			buildPhases = (
				9BC8CC182996C7AB009FD4A5 /* Sources */,
				9BC8CC192996C7AB009FD4A5 /* Frameworks */,
				9BC8CC1A2996C7AB009FD4A5 /* CopyFiles */,
			);
			buildRules = (
			);
			dependencies = (
			);
			name = tlbx_iOS_lib;
			productName = tlbx_iOS_lib;
			productReference = 9BC8CC1C2996C7AB009FD4A5 /* libtlbx_iOS_lib.a */;
			productType = "com.apple.product-type.library.static";
		};
		9BC8CC322996F04B009FD4A5 /* tlbx_MacOS_lib */ = {
			isa = PBXNativeTarget;
			buildConfigurationList = 9BC8CC342996F04B009FD4A5 /* Build configuration list for PBXNativeTarget "tlbx_MacOS_lib" */;
			buildPhases = (
				9BC8CC2F2996F04B009FD4A5 /* Headers */,
				9BC8CC302996F04B009FD4A5 /* Sources */,
				9BC8CC312996F04B009FD4A5 /* Frameworks */,
			);
			buildRules = (
			);
			dependencies = (
			);
			name = tlbx_MacOS_lib;
			productName = tlbx_MacOS_lib;
			productReference = 9BC8CC332996F04B009FD4A5 /* libtlbx_MacOS_lib.a */;
			productType = "com.apple.product-type.library.static";
		};
/* End PBXNativeTarget section */

/* Begin PBXProject section */
		9BC8CBD02996C2D5009FD4A5 /* Project object */ = {
			isa = PBXProject;
			attributes = {
				BuildIndependentTargetsInParallel = 1;
				LastUpgradeCheck = 1340;
				TargetAttributes = {
					9BC8CC1B2996C7AB009FD4A5 = {
						CreatedOnToolsVersion = 13.4.1;
					};
					9BC8CC322996F04B009FD4A5 = {
						CreatedOnToolsVersion = 13.4.1;
					};
				};
			};
			buildConfigurationList = 9BC8CBD32996C2D5009FD4A5 /* Build configuration list for PBXProject "tlbx" */;
			compatibilityVersion = "Xcode 13.0";
			developmentRegion = en;
			hasScannedForEncodings = 0;
			knownRegions = (
				en,
				Base,
			);
			mainGroup = 9BC8CBCF2996C2D5009FD4A5;
			productRefGroup = 9BC8CBD92996C2D5009FD4A5 /* Products */;
			projectDirPath = "";
			projectRoot = "";
			targets = (
				9BC8CC1B2996C7AB009FD4A5 /* tlbx_iOS_lib */,
				9BC8CC322996F04B009FD4A5 /* tlbx_MacOS_lib */,
			);
		};
/* End PBXProject section */

/* Begin PBXSourcesBuildPhase section */
		9BC8CC182996C7AB009FD4A5 /* Sources */ = {
			isa = PBXSourcesBuildPhase;
			buildActionMask = 2147483647;
			files = (
			);
			runOnlyForDeploymentPostprocessing = 0;
		};
		9BC8CC302996F04B009FD4A5 /* Sources */ = {
			isa = PBXSourcesBuildPhase;
			buildActionMask = 2147483647;
			files = (
				9B88E9C72CC5C7FD003B1AB3 /* tlbx.hpp in Sources */,
				9B88E9C92CC5C7FD003B1AB3 /* mth.hpp in Sources */,
				9B88E9CA2CC5C7FD003B1AB3 /* str.hpp in Sources */,
				9B88E9CB2CC5C7FD003B1AB3 /* trg.hpp in Sources */,
				9B88E9CC2CC5C7FD003B1AB3 /* mth.cpp in Sources */,
				9B88E9CD2CC5C7FD003B1AB3 /* str.cpp in Sources */,
				9B88E9CE2CC5C7FD003B1AB3 /* trg.cpp in Sources */,
			);
			runOnlyForDeploymentPostprocessing = 0;
		};
/* End PBXSourcesBuildPhase section */

/* Begin XCBuildConfiguration section */
		9BC8CBDD2996C2D5009FD4A5 /* Debug */ = {
			isa = XCBuildConfiguration;
			buildSettings = {
				ALWAYS_SEARCH_USER_PATHS = NO;
				CLANG_ANALYZER_NONNULL = YES;
				CLANG_ANALYZER_NUMBER_OBJECT_CONVERSION = YES_AGGRESSIVE;
				CLANG_CXX_LANGUAGE_STANDARD = "gnu++17";
				CLANG_ENABLE_MODULES = YES;
				CLANG_ENABLE_OBJC_ARC = YES;
				CLANG_ENABLE_OBJC_WEAK = YES;
				CLANG_WARN_BLOCK_CAPTURE_AUTORELEASING = YES;
				CLANG_WARN_BOOL_CONVERSION = YES;
				CLANG_WARN_COMMA = YES;
				CLANG_WARN_CONSTANT_CONVERSION = YES;
				CLANG_WARN_DEPRECATED_OBJC_IMPLEMENTATIONS = YES;
				CLANG_WARN_DIRECT_OBJC_ISA_USAGE = YES_ERROR;
				CLANG_WARN_DOCUMENTATION_COMMENTS = YES;
				CLANG_WARN_EMPTY_BODY = YES;
				CLANG_WARN_ENUM_CONVERSION = YES;
				CLANG_WARN_INFINITE_RECURSION = YES;
				CLANG_WARN_INT_CONVERSION = YES;
				CLANG_WARN_NON_LITERAL_NULL_CONVERSION = YES;
				CLANG_WARN_OBJC_IMPLICIT_RETAIN_SELF = YES;
				CLANG_WARN_OBJC_LITERAL_CONVERSION = YES;
				CLANG_WARN_OBJC_ROOT_CLASS = YES_ERROR;
				CLANG_WARN_QUOTED_INCLUDE_IN_FRAMEWORK_HEADER = YES;
				CLANG_WARN_RANGE_LOOP_ANALYSIS = YES;
				CLANG_WARN_STRICT_PROTOTYPES = YES;
				CLANG_WARN_SUSPICIOUS_MOVE = YES;
				CLANG_WARN_UNGUARDED_AVAILABILITY = YES_AGGRESSIVE;
				CLANG_WARN_UNREACHABLE_CODE = YES;
				CLANG_WARN__DUPLICATE_METHOD_MATCH = YES;
				COPY_PHASE_STRIP = NO;
				DEBUG_INFORMATION_FORMAT = dwarf;
				ENABLE_STRICT_OBJC_MSGSEND = YES;
				ENABLE_TESTABILITY = YES;
				GCC_C_LANGUAGE_STANDARD = gnu11;
				GCC_DYNAMIC_NO_PIC = NO;
				GCC_NO_COMMON_BLOCKS = YES;
				GCC_OPTIMIZATION_LEVEL = 0;
				GCC_PREPROCESSOR_DEFINITIONS = (
					"DEBUG=1",
					"$(inherited)",
				);
				GCC_WARN_64_TO_32_BIT_CONVERSION = YES;
				GCC_WARN_ABOUT_RETURN_TYPE = YES_ERROR;
				GCC_WARN_UNDECLARED_SELECTOR = YES;
				GCC_WARN_UNINITIALIZED_AUTOS = YES_AGGRESSIVE;
				GCC_WARN_UNUSED_FUNCTION = YES;
				GCC_WARN_UNUSED_VARIABLE = YES;
				MACOSX_DEPLOYMENT_TARGET = 12.3;
				MTL_ENABLE_DEBUG_INFO = INCLUDE_SOURCE;
				MTL_FAST_MATH = YES;
				ONLY_ACTIVE_ARCH = YES;
				SDKROOT = macosx;
			};
			name = Debug;
		};
		9BC8CBDE2996C2D5009FD4A5 /* Release */ = {
			isa = XCBuildConfiguration;
			buildSettings = {
				ALWAYS_SEARCH_USER_PATHS = NO;
				CLANG_ANALYZER_NONNULL = YES;
				CLANG_ANALYZER_NUMBER_OBJECT_CONVERSION = YES_AGGRESSIVE;
				CLANG_CXX_LANGUAGE_STANDARD = "gnu++17";
				CLANG_ENABLE_MODULES = YES;
				CLANG_ENABLE_OBJC_ARC = YES;
				CLANG_ENABLE_OBJC_WEAK = YES;
				CLANG_WARN_BLOCK_CAPTURE_AUTORELEASING = YES;
				CLANG_WARN_BOOL_CONVERSION = YES;
				CLANG_WARN_COMMA = YES;
				CLANG_WARN_CONSTANT_CONVERSION = YES;
				CLANG_WARN_DEPRECATED_OBJC_IMPLEMENTATIONS = YES;
				CLANG_WARN_DIRECT_OBJC_ISA_USAGE = YES_ERROR;
				CLANG_WARN_DOCUMENTATION_COMMENTS = YES;
				CLANG_WARN_EMPTY_BODY = YES;
				CLANG_WARN_ENUM_CONVERSION = YES;
				CLANG_WARN_INFINITE_RECURSION = YES;
				CLANG_WARN_INT_CONVERSION = YES;
				CLANG_WARN_NON_LITERAL_NULL_CONVERSION = YES;
				CLANG_WARN_OBJC_IMPLICIT_RETAIN_SELF = YES;
				CLANG_WARN_OBJC_LITERAL_CONVERSION = YES;
				CLANG_WARN_OBJC_ROOT_CLASS = YES_ERROR;
				CLANG_WARN_QUOTED_INCLUDE_IN_FRAMEWORK_HEADER = YES;
				CLANG_WARN_RANGE_LOOP_ANALYSIS = YES;
				CLANG_WARN_STRICT_PROTOTYPES = YES;
				CLANG_WARN_SUSPICIOUS_MOVE = YES;
				CLANG_WARN_UNGUARDED_AVAILABILITY = YES_AGGRESSIVE;
				CLANG_WARN_UNREACHABLE_CODE = YES;
				CLANG_WARN__DUPLICATE_METHOD_MATCH = YES;
				COPY_PHASE_STRIP = NO;
				DEBUG_INFORMATION_FORMAT = "dwarf-with-dsym";
				ENABLE_NS_ASSERTIONS = NO;
				ENABLE_STRICT_OBJC_MSGSEND = YES;
				GCC_C_LANGUAGE_STANDARD = gnu11;
				GCC_NO_COMMON_BLOCKS = YES;
				GCC_PREPROCESSOR_DEFINITIONS = "";
				GCC_WARN_64_TO_32_BIT_CONVERSION = YES;
				GCC_WARN_ABOUT_RETURN_TYPE = YES_ERROR;
				GCC_WARN_UNDECLARED_SELECTOR = YES;
				GCC_WARN_UNINITIALIZED_AUTOS = YES_AGGRESSIVE;
				GCC_WARN_UNUSED_FUNCTION = YES;
				GCC_WARN_UNUSED_VARIABLE = YES;
				MACOSX_DEPLOYMENT_TARGET = 12.3;
				MTL_ENABLE_DEBUG_INFO = NO;
				MTL_FAST_MATH = YES;
				SDKROOT = macosx;
			};
			name = Release;
		};
		9BC8CC232996C7AB009FD4A5 /* Debug */ = {
			isa = XCBuildConfiguration;
			buildSettings = {
				CODE_SIGN_STYLE = Automatic;
				DEVELOPMENT_TEAM = H5B4FJ76P7;
				FRAMEWORK_SEARCH_PATHS = (
					"$(inherited)",
					"$(SDKROOT)/System/iOSSupport/System/Library/Frameworks",
				);
				GCC_PREPROCESSOR_DEFINITIONS = "TARGET_IOS=1";
				IPHONEOS_DEPLOYMENT_TARGET = 15.5;
				OTHER_LDFLAGS = "-ObjC";
				PRODUCT_NAME = "$(TARGET_NAME)";
				SDKROOT = iphoneos;
				SKIP_INSTALL = YES;
				TARGETED_DEVICE_FAMILY = "1,2";
			};
			name = Debug;
		};
		9BC8CC242996C7AB009FD4A5 /* Release */ = {
			isa = XCBuildConfiguration;
			buildSettings = {
				CODE_SIGN_STYLE = Automatic;
				DEVELOPMENT_TEAM = H5B4FJ76P7;
				FRAMEWORK_SEARCH_PATHS = (
					"$(inherited)",
					"$(SDKROOT)/System/iOSSupport/System/Library/Frameworks",
				);
				GCC_PREPROCESSOR_DEFINITIONS = "TARGET_IOS=1";
				IPHONEOS_DEPLOYMENT_TARGET = 15.5;
				OTHER_LDFLAGS = "-ObjC";
				PRODUCT_NAME = "$(TARGET_NAME)";
				SDKROOT = iphoneos;
				SKIP_INSTALL = YES;
				TARGETED_DEVICE_FAMILY = "1,2";
				VALIDATE_PRODUCT = YES;
			};
			name = Release;
		};
		9BC8CC352996F04B009FD4A5 /* Debug */ = {
			isa = XCBuildConfiguration;
			buildSettings = {
				CODE_SIGN_STYLE = Automatic;
				DEVELOPMENT_TEAM = H5B4FJ76P7;
				EXECUTABLE_PREFIX = lib;
				PRODUCT_NAME = "$(TARGET_NAME)";
				SKIP_INSTALL = YES;
			};
			name = Debug;
		};
		9BC8CC362996F04B009FD4A5 /* Release */ = {
			isa = XCBuildConfiguration;
			buildSettings = {
				CODE_SIGN_STYLE = Automatic;
				DEVELOPMENT_TEAM = H5B4FJ76P7;
				EXECUTABLE_PREFIX = lib;
				PRODUCT_NAME = "$(TARGET_NAME)";
				SKIP_INSTALL = YES;
			};
			name = Release;
		};
/* End XCBuildConfiguration section */

/* Begin XCConfigurationList section */
		9BC8CBD32996C2D5009FD4A5 /* Build configuration list for PBXProject "tlbx" */ = {
			isa = XCConfigurationList;
			buildConfigurations = (
				9BC8CBDD2996C2D5009FD4A5 /* Debug */,
				9BC8CBDE2996C2D5009FD4A5 /* Release */,
			);
			defaultConfigurationIsVisible = 0;
			defaultConfigurationName = Release;
		};
		9BC8CC222996C7AB009FD4A5 /* Build configuration list for PBXNativeTarget "tlbx_iOS_lib" */ = {
			isa = XCConfigurationList;
			buildConfigurations = (
				9BC8CC232996C7AB009FD4A5 /* Debug */,
				9BC8CC242996C7AB009FD4A5 /* Release */,
			);
			defaultConfigurationIsVisible = 0;
			defaultConfigurationName = Release;
		};
		9BC8CC342996F04B009FD4A5 /* Build configuration list for PBXNativeTarget "tlbx_MacOS_lib" */ = {
			isa = XCConfigurationList;
			buildConfigurations = (
				9BC8CC352996F04B009FD4A5 /* Debug */,
				9BC8CC362996F04B009FD4A5 /* Release */,
			);
			defaultConfigurationIsVisible = 0;
			defaultConfigurationName = Release;
		};
/* End XCConfigurationList section */
	};
	rootObject = 9BC8CBD02996C2D5009FD4A5 /* Project object */;
}
